
Microsoft Visual Studio Solution File, Format Version 12.00
Project("{F2A71F9B-5D33-465A-A702-920D77279786}") = "Day01", "Day01\Day01\Day01.fsproj", "{3B060A84-CBC4-43E0-9C08-AD715C9186EC}"
EndProject
Project("{F2A71F9B-5D33-465A-A702-920D77279786}") = "Day02", "Day02\Day02\Day02.fsproj", "{B7904B4C-2DF4-41C6-AF04-F1BB674E0761}"
EndProject
Project("{F2A71F9B-5D33-465A-A702-920D77279786}") = "Day03", "Day03\Day03\Day03.fsproj", "{F8E6A498-44CC-41D9-802F-55179978FB89}"
EndProject
Project("{F2A71F9B-5D33-465A-A702-920D77279786}") = "Day04", "Day04\Day04\Day04.fsproj", "{6941D3B9-7D78-4348-8CD2-7AC1478AE246}"
EndProject
Project("{F2A71F9B-5D33-465A-A702-920D77279786}") = "day05", "day05\day05\day05.fsproj", "{4D50114C-B6B1-461C-931E-1F29262C0FE2}"
EndProject
Project("{F2A71F9B-5D33-465A-A702-920D77279786}") = "Day06", "Day06\Day06.fsproj", "{14F02A61-3BDD-48F0-8AC8-40F9805806A4}"
EndProject
Global
	GlobalSection(SolutionConfigurationPlatforms) = preSolution
		Debug|Any CPU = Debug|Any CPU
		Release|Any CPU = Release|Any CPU
	EndGlobalSection
	GlobalSection(ProjectConfigurationPlatforms) = postSolution
		{3B060A84-CBC4-43E0-9C08-AD715C9186EC}.Debug|Any CPU.ActiveCfg = Debug|Any CPU
		{3B060A84-CBC4-43E0-9C08-AD715C9186EC}.Debug|Any CPU.Build.0 = Debug|Any CPU
		{3B060A84-CBC4-43E0-9C08-AD715C9186EC}.Release|Any CPU.ActiveCfg = Release|Any CPU
		{3B060A84-CBC4-43E0-9C08-AD715C9186EC}.Release|Any CPU.Build.0 = Release|Any CPU
		{B7904B4C-2DF4-41C6-AF04-F1BB674E0761}.Debug|Any CPU.ActiveCfg = Debug|Any CPU
		{B7904B4C-2DF4-41C6-AF04-F1BB674E0761}.Debug|Any CPU.Build.0 = Debug|Any CPU
		{B7904B4C-2DF4-41C6-AF04-F1BB674E0761}.Release|Any CPU.ActiveCfg = Release|Any CPU
		{B7904B4C-2DF4-41C6-AF04-F1BB674E0761}.Release|Any CPU.Build.0 = Release|Any CPU
		{F8E6A498-44CC-41D9-802F-55179978FB89}.Debug|Any CPU.ActiveCfg = Debug|Any CPU
		{F8E6A498-44CC-41D9-802F-55179978FB89}.Debug|Any CPU.Build.0 = Debug|Any CPU
		{F8E6A498-44CC-41D9-802F-55179978FB89}.Release|Any CPU.ActiveCfg = Release|Any CPU
		{F8E6A498-44CC-41D9-802F-55179978FB89}.Release|Any CPU.Build.0 = Release|Any CPU
		{6941D3B9-7D78-4348-8CD2-7AC1478AE246}.Debug|Any CPU.ActiveCfg = Debug|Any CPU
		{6941D3B9-7D78-4348-8CD2-7AC1478AE246}.Debug|Any CPU.Build.0 = Debug|Any CPU
		{6941D3B9-7D78-4348-8CD2-7AC1478AE246}.Release|Any CPU.ActiveCfg = Release|Any CPU
		{6941D3B9-7D78-4348-8CD2-7AC1478AE246}.Release|Any CPU.Build.0 = Release|Any CPU
		{4D50114C-B6B1-461C-931E-1F29262C0FE2}.Debug|Any CPU.ActiveCfg = Debug|Any CPU
		{4D50114C-B6B1-461C-931E-1F29262C0FE2}.Debug|Any CPU.Build.0 = Debug|Any CPU
		{4D50114C-B6B1-461C-931E-1F29262C0FE2}.Release|Any CPU.ActiveCfg = Release|Any CPU
		{4D50114C-B6B1-461C-931E-1F29262C0FE2}.Release|Any CPU.Build.0 = Release|Any CPU
		{14F02A61-3BDD-48F0-8AC8-40F9805806A4}.Debug|Any CPU.ActiveCfg = Debug|Any CPU
		{14F02A61-3BDD-48F0-8AC8-40F9805806A4}.Debug|Any CPU.Build.0 = Debug|Any CPU
		{14F02A61-3BDD-48F0-8AC8-40F9805806A4}.Release|Any CPU.ActiveCfg = Release|Any CPU
		{14F02A61-3BDD-48F0-8AC8-40F9805806A4}.Release|Any CPU.Build.0 = Release|Any CPU
	EndGlobalSection
EndGlobal
